{
  "nodes": {
    "nixpkgs": {
      "locked": {
        "lastModified": 1714058985,
        "narHash": "sha256-gD/Ya/oXic+vbQGvmqxm8qaWmOx3HnrKHQtSL6oRW0E=",
        "owner": "nixos",
        "repo": "nixpkgs",
        "rev": "bf182c39d9439811484aad0d241ea89619b44bc7",
        "type": "github"
      },
      "original": {
        "owner": "nixos",
        "ref": "nixpkgs-unstable",
        "repo": "nixpkgs",
        "type": "github"
      }
    },
    "root": {
      "inputs": {
        "nixpkgs": "nixpkgs"
      }
    }
  },
  "root": "root",
  "version": 7
}
